lockfileVersion: '9.0'

settings:
  autoInstallPeers: true
  excludeLinksFromLockfile: false

importers:

  .:
    devDependencies:
      marked:
        specifier: 18.0.11
        version: 18.0.11

packages:

  marked@18.0.11:
    resolution: {integrity: sha512-HnslJfsZkRPBDJRHvVtAaWlZHEpSu7u8LgQuJCELjRKuWR+hpq4A7sLq3p8HaI9ypVoXDXxV34CsQJEe1+J5Aw==}
    engines: {node: '>= 20'}
    hasBin: true

snapshots:

  marked@18.0.11: {}
